
Microsoft Visual Studio Solution File, Format Version 12.00
# Visual Studio Version 17
VisualStudioVersion = 17.9.34616.47
MinimumVisualStudioVersion = 10.0.40219.1
Project("{9A19103F-16F7-4668-BE54-9A1E7A4F7556}") = "Lesson1.DbContext&Entities", "EFCoreStudies\Lesson1.DbContext&Entities.csproj", "{696B240E-B0A7-47C4-95F0-BAA4B5804383}"
EndProject
Project("{9A19103F-16F7-4668-BE54-9A1E7A4F7556}") = "Lesson3.ChangeTracker", "Lesson3.ChangeTracker\Lesson3.ChangeTracker\Lesson3.ChangeTracker.csproj", "{56F39169-AE51-4A30-B57F-6FA8369C7E60}"
EndProject
Project("{9A19103F-16F7-4668-BE54-9A1E7A4F7556}") = "Lesson5.OneToOneRelationship", "Lesson5.OneToOneRelationship\Lesson5.OneToOneRelationship\Lesson5.OneToOneRelationship.csproj", "{AFE53E2D-65B9-49C3-8EA9-B0C62911E0C8}"
EndProject
Project("{9A19103F-16F7-4668-BE54-9A1E7A4F7556}") = "Lesson1.Execute", "Lesson1.Entry&EntityStates\Execute\Lesson1.Execute.csproj", "{8F4FC287-C106-40BE-A996-FF973D620649}"
EndProject
Project("{9A19103F-16F7-4668-BE54-9A1E7A4F7556}") = "Lesson2.Queries.Execute", "Lesson2.Queries\Lesson2\Lesson2.Queries.Execute.csproj", "{1EDAA8A3-56FC-4ED5-A1DE-A435A23FFAAC}"
EndProject
Project("{9A19103F-16F7-4668-BE54-9A1E7A4F7556}") = "Lesson4.RelationalEntitiesTerms", "Lesson4.RelationalEntitiesTerms\RelationalEntities\Lesson4.RelationalEntitiesTerms.csproj", "{DCD465EE-6B1F-416A-8838-B07AF2ACF607}"
EndProject
Project("{9A19103F-16F7-4668-BE54-9A1E7A4F7556}") = "Lesson6.OneToManyRelationship", "Lesson6.OneToManyRelationship\Lesson6.OneToManyRelationship\Lesson6.OneToManyRelationship.csproj", "{91E5FFB8-E8B6-46B0-8D1E-E45EE9F12870}"
EndProject
Project("{9A19103F-16F7-4668-BE54-9A1E7A4F7556}") = "Lesson7.ManyToManyRelationShip", "Lesson7.ManyToManyRelationShip\Lesson7.ManyToManyRelationShip\Lesson7.ManyToManyRelationShip.csproj", "{7599050A-DD66-47AE-9A53-04B66811CBDA}"
EndProject
Project("{9A19103F-16F7-4668-BE54-9A1E7A4F7556}") = "Lesson8.AddingOperationsInRelationalScenarios", "Lesson8.AddingOperationsInRelationalScenarios\Lesson8.AddingOperationsInRelationalScenarios\Lesson8.AddingOperationsInRelationalScenarios.csproj", "{158854FA-FD52-4831-868A-8F83E62CCB71}"
EndProject
Project("{9A19103F-16F7-4668-BE54-9A1E7A4F7556}") = "Lesson9.DataUpdatingInRelationalScenarios", "Lesson9.DataUpdatingInRelationalScenarios\Lesson9.DataUpdatingInRelationalScenarios\Lesson9.DataUpdatingInRelationalScenarios.csproj", "{F2C468B2-536C-4FBD-8310-AA98E4309683}"
EndProject
Project("{FAE04EC0-301F-11D3-BF4B-00C04F79EFBC}") = "Lesson10.DeletingInRelationalScenarios", "Lesson10.DeletingInRelationalScenarios\Lesson10.DeletingInRelationalScenarios\Lesson10.DeletingInRelationalScenarios.csproj", "{7CF21F61-B95C-4253-B1FE-6BEF36DD10F1}"
EndProject
Global
	GlobalSection(SolutionConfigurationPlatforms) = preSolution
		Debug|Any CPU = Debug|Any CPU
		Release|Any CPU = Release|Any CPU
	EndGlobalSection
	GlobalSection(ProjectConfigurationPlatforms) = postSolution
		{696B240E-B0A7-47C4-95F0-BAA4B5804383}.Debug|Any CPU.ActiveCfg = Debug|Any CPU
		{696B240E-B0A7-47C4-95F0-BAA4B5804383}.Debug|Any CPU.Build.0 = Debug|Any CPU
		{696B240E-B0A7-47C4-95F0-BAA4B5804383}.Release|Any CPU.ActiveCfg = Release|Any CPU
		{696B240E-B0A7-47C4-95F0-BAA4B5804383}.Release|Any CPU.Build.0 = Release|Any CPU
		{56F39169-AE51-4A30-B57F-6FA8369C7E60}.Debug|Any CPU.ActiveCfg = Debug|Any CPU
		{56F39169-AE51-4A30-B57F-6FA8369C7E60}.Debug|Any CPU.Build.0 = Debug|Any CPU
		{56F39169-AE51-4A30-B57F-6FA8369C7E60}.Release|Any CPU.ActiveCfg = Release|Any CPU
		{56F39169-AE51-4A30-B57F-6FA8369C7E60}.Release|Any CPU.Build.0 = Release|Any CPU
		{AFE53E2D-65B9-49C3-8EA9-B0C62911E0C8}.Debug|Any CPU.ActiveCfg = Debug|Any CPU
		{AFE53E2D-65B9-49C3-8EA9-B0C62911E0C8}.Debug|Any CPU.Build.0 = Debug|Any CPU
		{AFE53E2D-65B9-49C3-8EA9-B0C62911E0C8}.Release|Any CPU.ActiveCfg = Release|Any CPU
		{AFE53E2D-65B9-49C3-8EA9-B0C62911E0C8}.Release|Any CPU.Build.0 = Release|Any CPU
		{8F4FC287-C106-40BE-A996-FF973D620649}.Debug|Any CPU.ActiveCfg = Debug|Any CPU
		{8F4FC287-C106-40BE-A996-FF973D620649}.Debug|Any CPU.Build.0 = Debug|Any CPU
		{8F4FC287-C106-40BE-A996-FF973D620649}.Release|Any CPU.ActiveCfg = Release|Any CPU
		{8F4FC287-C106-40BE-A996-FF973D620649}.Release|Any CPU.Build.0 = Release|Any CPU
		{1EDAA8A3-56FC-4ED5-A1DE-A435A23FFAAC}.Debug|Any CPU.ActiveCfg = Debug|Any CPU
		{1EDAA8A3-56FC-4ED5-A1DE-A435A23FFAAC}.Debug|Any CPU.Build.0 = Debug|Any CPU
		{1EDAA8A3-56FC-4ED5-A1DE-A435A23FFAAC}.Release|Any CPU.ActiveCfg = Release|Any CPU
		{1EDAA8A3-56FC-4ED5-A1DE-A435A23FFAAC}.Release|Any CPU.Build.0 = Release|Any CPU
		{DCD465EE-6B1F-416A-8838-B07AF2ACF607}.Debug|Any CPU.ActiveCfg = Debug|Any CPU
		{DCD465EE-6B1F-416A-8838-B07AF2ACF607}.Debug|Any CPU.Build.0 = Debug|Any CPU
		{DCD465EE-6B1F-416A-8838-B07AF2ACF607}.Release|Any CPU.ActiveCfg = Release|Any CPU
		{DCD465EE-6B1F-416A-8838-B07AF2ACF607}.Release|Any CPU.Build.0 = Release|Any CPU
		{91E5FFB8-E8B6-46B0-8D1E-E45EE9F12870}.Debug|Any CPU.ActiveCfg = Debug|Any CPU
		{91E5FFB8-E8B6-46B0-8D1E-E45EE9F12870}.Debug|Any CPU.Build.0 = Debug|Any CPU
		{91E5FFB8-E8B6-46B0-8D1E-E45EE9F12870}.Release|Any CPU.ActiveCfg = Release|Any CPU
		{91E5FFB8-E8B6-46B0-8D1E-E45EE9F12870}.Release|Any CPU.Build.0 = Release|Any CPU
		{7599050A-DD66-47AE-9A53-04B66811CBDA}.Debug|Any CPU.ActiveCfg = Debug|Any CPU
		{7599050A-DD66-47AE-9A53-04B66811CBDA}.Debug|Any CPU.Build.0 = Debug|Any CPU
		{7599050A-DD66-47AE-9A53-04B66811CBDA}.Release|Any CPU.ActiveCfg = Release|Any CPU
		{7599050A-DD66-47AE-9A53-04B66811CBDA}.Release|Any CPU.Build.0 = Release|Any CPU
		{158854FA-FD52-4831-868A-8F83E62CCB71}.Debug|Any CPU.ActiveCfg = Debug|Any CPU
		{158854FA-FD52-4831-868A-8F83E62CCB71}.Debug|Any CPU.Build.0 = Debug|Any CPU
		{158854FA-FD52-4831-868A-8F83E62CCB71}.Release|Any CPU.ActiveCfg = Release|Any CPU
		{158854FA-FD52-4831-868A-8F83E62CCB71}.Release|Any CPU.Build.0 = Release|Any CPU
		{F2C468B2-536C-4FBD-8310-AA98E4309683}.Debug|Any CPU.ActiveCfg = Debug|Any CPU
		{F2C468B2-536C-4FBD-8310-AA98E4309683}.Debug|Any CPU.Build.0 = Debug|Any CPU
		{F2C468B2-536C-4FBD-8310-AA98E4309683}.Release|Any CPU.ActiveCfg = Release|Any CPU
		{F2C468B2-536C-4FBD-8310-AA98E4309683}.Release|Any CPU.Build.0 = Release|Any CPU
		{7CF21F61-B95C-4253-B1FE-6BEF36DD10F1}.Debug|Any CPU.ActiveCfg = Debug|Any CPU
		{7CF21F61-B95C-4253-B1FE-6BEF36DD10F1}.Debug|Any CPU.Build.0 = Debug|Any CPU
		{7CF21F61-B95C-4253-B1FE-6BEF36DD10F1}.Release|Any CPU.ActiveCfg = Release|Any CPU
		{7CF21F61-B95C-4253-B1FE-6BEF36DD10F1}.Release|Any CPU.Build.0 = Release|Any CPU
	EndGlobalSection
	GlobalSection(SolutionProperties) = preSolution
		HideSolutionNode = FALSE
	EndGlobalSection
	GlobalSection(ExtensibilityGlobals) = postSolution
		SolutionGuid = {F32D6138-C6E8-4C0F-8D98-739FBA35AF2B}
	EndGlobalSection
EndGlobal
