
Microsoft Visual Studio Solution File, Format Version 12.00
# Visual Studio Version 17
VisualStudioVersion = 17.9.34616.47
MinimumVisualStudioVersion = 10.0.40219.1
Project("{9A19103F-16F7-4668-BE54-9A1E7A4F7556}") = "Lesson1.DbContext&Entities", "EFCoreStudies\Lesson1.DbContext&Entities.csproj", "{696B240E-B0A7-47C4-95F0-BAA4B5804383}"
EndProject
Project("{9A19103F-16F7-4668-BE54-9A1E7A4F7556}") = "Lesson3.ChangeTracker", "Lesson3.ChangeTracker\Lesson3.ChangeTracker\Lesson3.ChangeTracker.csproj", "{56F39169-AE51-4A30-B57F-6FA8369C7E60}"
EndProject
Project("{9A19103F-16F7-4668-BE54-9A1E7A4F7556}") = "Lesson5.OneToOneRelationship", "Lesson5.OneToOneRelationship\Lesson5.OneToOneRelationship\Lesson5.OneToOneRelationship.csproj", "{AFE53E2D-65B9-49C3-8EA9-B0C62911E0C8}"
EndProject
Project("{9A19103F-16F7-4668-BE54-9A1E7A4F7556}") = "Lesson1.Execute", "Lesson1.Entry&EntityStates\Execute\Lesson1.Execute.csproj", "{8F4FC287-C106-40BE-A996-FF973D620649}"
EndProject
Project("{9A19103F-16F7-4668-BE54-9A1E7A4F7556}") = "Lesson2.Queries.Execute", "Lesson2.Queries\Lesson2\Lesson2.Queries.Execute.csproj", "{1EDAA8A3-56FC-4ED5-A1DE-A435A23FFAAC}"
EndProject
Project("{9A19103F-16F7-4668-BE54-9A1E7A4F7556}") = "Lesson4.RelationalEntitiesTerms", "Lesson4.RelationalEntitiesTerms\RelationalEntities\Lesson4.RelationalEntitiesTerms.csproj", "{DCD465EE-6B1F-416A-8838-B07AF2ACF607}"
EndProject
Project("{9A19103F-16F7-4668-BE54-9A1E7A4F7556}") = "Lesson6.OneToManyRelationship", "Lesson6.OneToManyRelationship\Lesson6.OneToManyRelationship\Lesson6.OneToManyRelationship.csproj", "{91E5FFB8-E8B6-46B0-8D1E-E45EE9F12870}"
EndProject
Project("{9A19103F-16F7-4668-BE54-9A1E7A4F7556}") = "Lesson7.ManyToManyRelationShip", "Lesson7.ManyToManyRelationShip\Lesson7.ManyToManyRelationShip\Lesson7.ManyToManyRelationShip.csproj", "{7599050A-DD66-47AE-9A53-04B66811CBDA}"
EndProject
Project("{9A19103F-16F7-4668-BE54-9A1E7A4F7556}") = "Lesson8.AddingOperationsInRelationalScenarios", "Lesson8.AddingOperationsInRelationalScenarios\Lesson8.AddingOperationsInRelationalScenarios\Lesson8.AddingOperationsInRelationalScenarios.csproj", "{158854FA-FD52-4831-868A-8F83E62CCB71}"
EndProject
Project("{9A19103F-16F7-4668-BE54-9A1E7A4F7556}") = "Lesson9.DataUpdatingInRelationalScenarios", "Lesson9.DataUpdatingInRelationalScenarios\Lesson9.DataUpdatingInRelationalScenarios\Lesson9.DataUpdatingInRelationalScenarios.csproj", "{F2C468B2-536C-4FBD-8310-AA98E4309683}"
EndProject
Project("{9A19103F-16F7-4668-BE54-9A1E7A4F7556}") = "Lesson10.DeletingInRelationalScenarios", "Lesson10.DeletingInRelationalScenarios\Lesson10.DeletingInRelationalScenarios\Lesson10.DeletingInRelationalScenarios.csproj", "{7CF21F61-B95C-4253-B1FE-6BEF36DD10F1}"
EndProject
Project("{9A19103F-16F7-4668-BE54-9A1E7A4F7556}") = "Lesson11.BackingFields", "Lesson11.BackingFields\Lesson11.BackingFields\Lesson11.BackingFields.csproj", "{9B4347D5-06A4-406C-A5CA-1DEEE78A560F}"
EndProject
Project("{9A19103F-16F7-4668-BE54-9A1E7A4F7556}") = "Lesson12.ShadowProperties", "Lesson12.ShadowProperties\Lesson12.ShadowProperties\Lesson12.ShadowProperties.csproj", "{C5AADF00-3A43-435E-967F-5B6D765797C9}"
EndProject
Project("{9A19103F-16F7-4668-BE54-9A1E7A4F7556}") = "Lesson12.SpecializeEntityConfigurations", "Lesson12.SpecializeEntityConfigurations\Lesson12.SpecializeEntityConfigurations\Lesson12.SpecializeEntityConfigurations.csproj", "{E76D103A-EFF6-4040-B806-5ABADE96A7D1}"
EndProject
Project("{9A19103F-16F7-4668-BE54-9A1E7A4F7556}") = "Lesson13.SpecializeEntityConfigurations2", "Lesson13.SpecializeEntityConfigurations2\Lesson13.SpecializeEntityConfigurations2\Lesson13.SpecializeEntityConfigurations2.csproj", "{2F13C0FD-A975-4A16-8E85-2C61C04A59B6}"
EndProject
Project("{9A19103F-16F7-4668-BE54-9A1E7A4F7556}") = "Lesson14.GeneratedValues", "Lesson14.GeneratedValues\Lesson14.GeneratedValues\Lesson14.GeneratedValues.csproj", "{6DF4202E-EB23-4A9D-BECE-D9D8D04115D6}"
EndProject
Project("{9A19103F-16F7-4668-BE54-9A1E7A4F7556}") = "Lesson15.IEntityTypeConfiguration&&ExceptFiles", "Lesson15.IEntityTypeConfiguration&&ExceptFiles\Lesson15.IEntityTypeConfiguration&&ExceptFiles\Lesson15.IEntityTypeConfiguration&&ExceptFiles.csproj", "{640C8538-AB3F-4656-8219-71B0BFF8605E}"
EndProject
Project("{9A19103F-16F7-4668-BE54-9A1E7A4F7556}") = "Lesson16.SeedData", "Lesson16.SeedData\Lesson16.SeedData\Lesson16.SeedData.csproj", "{B77686DC-4FB3-444F-8B23-446C2E1CC425}"
EndProject
Project("{9A19103F-16F7-4668-BE54-9A1E7A4F7556}") = "Lesson17.TablePerHierarchy", "Lesson17.TablePerHierarchy\Lesson17.TablePerHierarchy\Lesson17.TablePerHierarchy.csproj", "{9177F96C-230D-48A3-8094-9AD4E6A706CC}"
EndProject
Project("{9A19103F-16F7-4668-BE54-9A1E7A4F7556}") = "Lesson18.TablePerType", "Lesson18.TablePerType\Lesson18.TablePerType\Lesson18.TablePerType.csproj", "{345AD058-135E-494E-B63A-8EC82A390A30}"
EndProject
Project("{9A19103F-16F7-4668-BE54-9A1E7A4F7556}") = "Lesson19.TablePerConcreteType", "Lesson19.TablePerConcreteType\Lesson19.TablePerConcreteType\Lesson19.TablePerConcreteType.csproj", "{E637C64F-F7B9-48A4-8711-B72D8F477821}"
EndProject
Project("{9A19103F-16F7-4668-BE54-9A1E7A4F7556}") = "Lesson20.Constraints", "Lesson20.Constraints\Lesson20.Constraints\Lesson20.Constraints.csproj", "{EB4F13A3-CCD8-4E22-BC1F-6848095F4EA4}"
EndProject
Project("{9A19103F-16F7-4668-BE54-9A1E7A4F7556}") = "Lesson21.Index", "Lesson21.Index\Lesson21.Index\Lesson21.Index.csproj", "{813EB874-1787-4CAD-83C6-6B14965B450A}"
EndProject
Project("{9A19103F-16F7-4668-BE54-9A1E7A4F7556}") = "Lesson22.Sequence", "Lesson22.Sequence\Lesson22.Sequence\Lesson22.Sequence.csproj", "{F6513CB9-A698-4C10-9623-8E5E6968A88C}"
EndProject
Project("{9A19103F-16F7-4668-BE54-9A1E7A4F7556}") = "Lesson23.EagerLoading", "Lesson23.EagerLoading\Lesson23.EagerLoading\Lesson23.EagerLoading.csproj", "{09038D5D-5E52-4DEB-92AD-AB1CD676018B}"
EndProject
Project("{9A19103F-16F7-4668-BE54-9A1E7A4F7556}") = "Lesson24.ExplicitLoading", "Lesson24.ExplicitLoading\Lesson24.ExplicitLoading\Lesson24.ExplicitLoading.csproj", "{6E8DB47B-12EA-472F-8780-8D06CEDFC4FC}"
EndProject
Project("{9A19103F-16F7-4668-BE54-9A1E7A4F7556}") = "Lesson25.LazyLoading", "Lesson25.LazyLoading\Lesson25.LazyLoading\Lesson25.LazyLoading.csproj", "{CEB3E712-D186-41B5-A158-FB3DA3ACDB80}"
EndProject
Project("{9A19103F-16F7-4668-BE54-9A1E7A4F7556}") = "Lesson26.ComplexQueryOperators", "Lesson26.ComplexQueryOperators\Lesson26.ComplexQueryOperators\Lesson26.ComplexQueryOperators.csproj", "{563159C0-3BF3-42BE-ADAA-69EBAB5136B4}"
EndProject
Project("{9A19103F-16F7-4668-BE54-9A1E7A4F7556}") = "Lesson27.SQLQueries", "Lesson27.SQLQueries\Lesson27.SQLQueries\Lesson27.SQLQueries.csproj", "{46E8A9AB-1069-4A37-9288-7CEE8538BE8D}"
EndProject
Project("{9A19103F-16F7-4668-BE54-9A1E7A4F7556}") = "Lesson28.View", "Lesson28.View\Lesson28.View\Lesson28.View.csproj", "{10ED87FF-7046-42F4-8EA0-2DCE0B54BA67}"
EndProject
Project("{9A19103F-16F7-4668-BE54-9A1E7A4F7556}") = "Lesson29.StoredProcedure", "Lesson29.StoredProcedure\Lesson29.StoredProcedure\Lesson29.StoredProcedure.csproj", "{4FEFFD92-51D3-4FDB-8FEA-725CB2B3C3B9}"
EndProject
Project("{9A19103F-16F7-4668-BE54-9A1E7A4F7556}") = "Lesson30.Scalar&InlineFunctions", "Lesson30.Scalar&InlineFunctions\Lesson30.Scalar&InlineFunctions\Lesson30.Scalar&InlineFunctions.csproj", "{496A94D4-96A0-49EB-B4BC-79370A632A7D}"
EndProject
Project("{9A19103F-16F7-4668-BE54-9A1E7A4F7556}") = "Lesson31.DatabaseProperty&FunctionalMethods", "Lesson31.DatabaseProperty&FunctionalMethods\Lesson31.DatabaseProperty&FunctionalMethods\Lesson31.DatabaseProperty&FunctionalMethods.csproj", "{16880EC1-A2C0-4B03-B453-1090B95CF46C}"
EndProject
Project("{9A19103F-16F7-4668-BE54-9A1E7A4F7556}") = "Lesson32.KeylessEntityTypes", "Lesson32.KeylessEntityTypes\Lesson32.KeylessEntityTypes\Lesson32.KeylessEntityTypes.csproj", "{A227866C-BB80-4929-8F78-FE7DC8CD3ACF}"
EndProject
Project("{9A19103F-16F7-4668-BE54-9A1E7A4F7556}") = "Lesson33.Logging", "Lesson33.Logging\Lesson33.Logging\Lesson33.Logging.csproj", "{56B61717-03A6-45E0-B50B-E9FCB199A52C}"
EndProject
Project("{9A19103F-16F7-4668-BE54-9A1E7A4F7556}") = "Lesson34.QueryLog", "Lesson34.QueryLog\Lesson34.QueryLog\Lesson34.QueryLog.csproj", "{1C41321F-84C7-4312-9A95-EB13F8F135BE}"
EndProject
Project("{9A19103F-16F7-4668-BE54-9A1E7A4F7556}") = "Lesson35.QueryTags", "Lesson35.QueryTags\Lesson35.QueryTags\Lesson35.QueryTags.csproj", "{AE739C13-4F9B-4881-B2EA-B103BAAB7910}"
EndProject
Project("{FAE04EC0-301F-11D3-BF4B-00C04F79EFBC}") = "Lesson36.GlobalFilters", "Lesson36.GlobalFilters\Lesson36.GlobalFilters\Lesson36.GlobalFilters.csproj", "{DC3660A2-EF4E-4FAA-9057-1E28FC88EC1A}"
EndProject
Project("{FAE04EC0-301F-11D3-BF4B-00C04F79EFBC}") = "Lesson37.OwnedEntityTypes", "Lesson37.OwnedEntityTypes\Lesson37.OwnedEntityTypes\Lesson37.OwnedEntityTypes.csproj", "{BAE601A1-9AAE-4ECD-B183-CB47388F515C}"
EndProject
Global
	GlobalSection(SolutionConfigurationPlatforms) = preSolution
		Debug|Any CPU = Debug|Any CPU
		Release|Any CPU = Release|Any CPU
	EndGlobalSection
	GlobalSection(ProjectConfigurationPlatforms) = postSolution
		{696B240E-B0A7-47C4-95F0-BAA4B5804383}.Debug|Any CPU.ActiveCfg = Debug|Any CPU
		{696B240E-B0A7-47C4-95F0-BAA4B5804383}.Debug|Any CPU.Build.0 = Debug|Any CPU
		{696B240E-B0A7-47C4-95F0-BAA4B5804383}.Release|Any CPU.ActiveCfg = Release|Any CPU
		{696B240E-B0A7-47C4-95F0-BAA4B5804383}.Release|Any CPU.Build.0 = Release|Any CPU
		{56F39169-AE51-4A30-B57F-6FA8369C7E60}.Debug|Any CPU.ActiveCfg = Debug|Any CPU
		{56F39169-AE51-4A30-B57F-6FA8369C7E60}.Debug|Any CPU.Build.0 = Debug|Any CPU
		{56F39169-AE51-4A30-B57F-6FA8369C7E60}.Release|Any CPU.ActiveCfg = Release|Any CPU
		{56F39169-AE51-4A30-B57F-6FA8369C7E60}.Release|Any CPU.Build.0 = Release|Any CPU
		{AFE53E2D-65B9-49C3-8EA9-B0C62911E0C8}.Debug|Any CPU.ActiveCfg = Debug|Any CPU
		{AFE53E2D-65B9-49C3-8EA9-B0C62911E0C8}.Debug|Any CPU.Build.0 = Debug|Any CPU
		{AFE53E2D-65B9-49C3-8EA9-B0C62911E0C8}.Release|Any CPU.ActiveCfg = Release|Any CPU
		{AFE53E2D-65B9-49C3-8EA9-B0C62911E0C8}.Release|Any CPU.Build.0 = Release|Any CPU
		{8F4FC287-C106-40BE-A996-FF973D620649}.Debug|Any CPU.ActiveCfg = Debug|Any CPU
		{8F4FC287-C106-40BE-A996-FF973D620649}.Debug|Any CPU.Build.0 = Debug|Any CPU
		{8F4FC287-C106-40BE-A996-FF973D620649}.Release|Any CPU.ActiveCfg = Release|Any CPU
		{8F4FC287-C106-40BE-A996-FF973D620649}.Release|Any CPU.Build.0 = Release|Any CPU
		{1EDAA8A3-56FC-4ED5-A1DE-A435A23FFAAC}.Debug|Any CPU.ActiveCfg = Debug|Any CPU
		{1EDAA8A3-56FC-4ED5-A1DE-A435A23FFAAC}.Debug|Any CPU.Build.0 = Debug|Any CPU
		{1EDAA8A3-56FC-4ED5-A1DE-A435A23FFAAC}.Release|Any CPU.ActiveCfg = Release|Any CPU
		{1EDAA8A3-56FC-4ED5-A1DE-A435A23FFAAC}.Release|Any CPU.Build.0 = Release|Any CPU
		{DCD465EE-6B1F-416A-8838-B07AF2ACF607}.Debug|Any CPU.ActiveCfg = Debug|Any CPU
		{DCD465EE-6B1F-416A-8838-B07AF2ACF607}.Debug|Any CPU.Build.0 = Debug|Any CPU
		{DCD465EE-6B1F-416A-8838-B07AF2ACF607}.Release|Any CPU.ActiveCfg = Release|Any CPU
		{DCD465EE-6B1F-416A-8838-B07AF2ACF607}.Release|Any CPU.Build.0 = Release|Any CPU
		{91E5FFB8-E8B6-46B0-8D1E-E45EE9F12870}.Debug|Any CPU.ActiveCfg = Debug|Any CPU
		{91E5FFB8-E8B6-46B0-8D1E-E45EE9F12870}.Debug|Any CPU.Build.0 = Debug|Any CPU
		{91E5FFB8-E8B6-46B0-8D1E-E45EE9F12870}.Release|Any CPU.ActiveCfg = Release|Any CPU
		{91E5FFB8-E8B6-46B0-8D1E-E45EE9F12870}.Release|Any CPU.Build.0 = Release|Any CPU
		{7599050A-DD66-47AE-9A53-04B66811CBDA}.Debug|Any CPU.ActiveCfg = Debug|Any CPU
		{7599050A-DD66-47AE-9A53-04B66811CBDA}.Debug|Any CPU.Build.0 = Debug|Any CPU
		{7599050A-DD66-47AE-9A53-04B66811CBDA}.Release|Any CPU.ActiveCfg = Release|Any CPU
		{7599050A-DD66-47AE-9A53-04B66811CBDA}.Release|Any CPU.Build.0 = Release|Any CPU
		{158854FA-FD52-4831-868A-8F83E62CCB71}.Debug|Any CPU.ActiveCfg = Debug|Any CPU
		{158854FA-FD52-4831-868A-8F83E62CCB71}.Debug|Any CPU.Build.0 = Debug|Any CPU
		{158854FA-FD52-4831-868A-8F83E62CCB71}.Release|Any CPU.ActiveCfg = Release|Any CPU
		{158854FA-FD52-4831-868A-8F83E62CCB71}.Release|Any CPU.Build.0 = Release|Any CPU
		{F2C468B2-536C-4FBD-8310-AA98E4309683}.Debug|Any CPU.ActiveCfg = Debug|Any CPU
		{F2C468B2-536C-4FBD-8310-AA98E4309683}.Debug|Any CPU.Build.0 = Debug|Any CPU
		{F2C468B2-536C-4FBD-8310-AA98E4309683}.Release|Any CPU.ActiveCfg = Release|Any CPU
		{F2C468B2-536C-4FBD-8310-AA98E4309683}.Release|Any CPU.Build.0 = Release|Any CPU
		{7CF21F61-B95C-4253-B1FE-6BEF36DD10F1}.Debug|Any CPU.ActiveCfg = Debug|Any CPU
		{7CF21F61-B95C-4253-B1FE-6BEF36DD10F1}.Debug|Any CPU.Build.0 = Debug|Any CPU
		{7CF21F61-B95C-4253-B1FE-6BEF36DD10F1}.Release|Any CPU.ActiveCfg = Release|Any CPU
		{7CF21F61-B95C-4253-B1FE-6BEF36DD10F1}.Release|Any CPU.Build.0 = Release|Any CPU
		{9B4347D5-06A4-406C-A5CA-1DEEE78A560F}.Debug|Any CPU.ActiveCfg = Debug|Any CPU
		{9B4347D5-06A4-406C-A5CA-1DEEE78A560F}.Debug|Any CPU.Build.0 = Debug|Any CPU
		{9B4347D5-06A4-406C-A5CA-1DEEE78A560F}.Release|Any CPU.ActiveCfg = Release|Any CPU
		{9B4347D5-06A4-406C-A5CA-1DEEE78A560F}.Release|Any CPU.Build.0 = Release|Any CPU
		{C5AADF00-3A43-435E-967F-5B6D765797C9}.Debug|Any CPU.ActiveCfg = Debug|Any CPU
		{C5AADF00-3A43-435E-967F-5B6D765797C9}.Debug|Any CPU.Build.0 = Debug|Any CPU
		{C5AADF00-3A43-435E-967F-5B6D765797C9}.Release|Any CPU.ActiveCfg = Release|Any CPU
		{C5AADF00-3A43-435E-967F-5B6D765797C9}.Release|Any CPU.Build.0 = Release|Any CPU
		{E76D103A-EFF6-4040-B806-5ABADE96A7D1}.Debug|Any CPU.ActiveCfg = Debug|Any CPU
		{E76D103A-EFF6-4040-B806-5ABADE96A7D1}.Debug|Any CPU.Build.0 = Debug|Any CPU
		{E76D103A-EFF6-4040-B806-5ABADE96A7D1}.Release|Any CPU.ActiveCfg = Release|Any CPU
		{E76D103A-EFF6-4040-B806-5ABADE96A7D1}.Release|Any CPU.Build.0 = Release|Any CPU
		{2F13C0FD-A975-4A16-8E85-2C61C04A59B6}.Debug|Any CPU.ActiveCfg = Debug|Any CPU
		{2F13C0FD-A975-4A16-8E85-2C61C04A59B6}.Debug|Any CPU.Build.0 = Debug|Any CPU
		{2F13C0FD-A975-4A16-8E85-2C61C04A59B6}.Release|Any CPU.ActiveCfg = Release|Any CPU
		{2F13C0FD-A975-4A16-8E85-2C61C04A59B6}.Release|Any CPU.Build.0 = Release|Any CPU
		{6DF4202E-EB23-4A9D-BECE-D9D8D04115D6}.Debug|Any CPU.ActiveCfg = Debug|Any CPU
		{6DF4202E-EB23-4A9D-BECE-D9D8D04115D6}.Debug|Any CPU.Build.0 = Debug|Any CPU
		{6DF4202E-EB23-4A9D-BECE-D9D8D04115D6}.Release|Any CPU.ActiveCfg = Release|Any CPU
		{6DF4202E-EB23-4A9D-BECE-D9D8D04115D6}.Release|Any CPU.Build.0 = Release|Any CPU
		{640C8538-AB3F-4656-8219-71B0BFF8605E}.Debug|Any CPU.ActiveCfg = Debug|Any CPU
		{640C8538-AB3F-4656-8219-71B0BFF8605E}.Debug|Any CPU.Build.0 = Debug|Any CPU
		{640C8538-AB3F-4656-8219-71B0BFF8605E}.Release|Any CPU.ActiveCfg = Release|Any CPU
		{640C8538-AB3F-4656-8219-71B0BFF8605E}.Release|Any CPU.Build.0 = Release|Any CPU
		{B77686DC-4FB3-444F-8B23-446C2E1CC425}.Debug|Any CPU.ActiveCfg = Debug|Any CPU
		{B77686DC-4FB3-444F-8B23-446C2E1CC425}.Debug|Any CPU.Build.0 = Debug|Any CPU
		{B77686DC-4FB3-444F-8B23-446C2E1CC425}.Release|Any CPU.ActiveCfg = Release|Any CPU
		{B77686DC-4FB3-444F-8B23-446C2E1CC425}.Release|Any CPU.Build.0 = Release|Any CPU
		{9177F96C-230D-48A3-8094-9AD4E6A706CC}.Debug|Any CPU.ActiveCfg = Debug|Any CPU
		{9177F96C-230D-48A3-8094-9AD4E6A706CC}.Debug|Any CPU.Build.0 = Debug|Any CPU
		{9177F96C-230D-48A3-8094-9AD4E6A706CC}.Release|Any CPU.ActiveCfg = Release|Any CPU
		{9177F96C-230D-48A3-8094-9AD4E6A706CC}.Release|Any CPU.Build.0 = Release|Any CPU
		{345AD058-135E-494E-B63A-8EC82A390A30}.Debug|Any CPU.ActiveCfg = Debug|Any CPU
		{345AD058-135E-494E-B63A-8EC82A390A30}.Debug|Any CPU.Build.0 = Debug|Any CPU
		{345AD058-135E-494E-B63A-8EC82A390A30}.Release|Any CPU.ActiveCfg = Release|Any CPU
		{345AD058-135E-494E-B63A-8EC82A390A30}.Release|Any CPU.Build.0 = Release|Any CPU
		{E637C64F-F7B9-48A4-8711-B72D8F477821}.Debug|Any CPU.ActiveCfg = Debug|Any CPU
		{E637C64F-F7B9-48A4-8711-B72D8F477821}.Debug|Any CPU.Build.0 = Debug|Any CPU
		{E637C64F-F7B9-48A4-8711-B72D8F477821}.Release|Any CPU.ActiveCfg = Release|Any CPU
		{E637C64F-F7B9-48A4-8711-B72D8F477821}.Release|Any CPU.Build.0 = Release|Any CPU
		{EB4F13A3-CCD8-4E22-BC1F-6848095F4EA4}.Debug|Any CPU.ActiveCfg = Debug|Any CPU
		{EB4F13A3-CCD8-4E22-BC1F-6848095F4EA4}.Debug|Any CPU.Build.0 = Debug|Any CPU
		{EB4F13A3-CCD8-4E22-BC1F-6848095F4EA4}.Release|Any CPU.ActiveCfg = Release|Any CPU
		{EB4F13A3-CCD8-4E22-BC1F-6848095F4EA4}.Release|Any CPU.Build.0 = Release|Any CPU
		{813EB874-1787-4CAD-83C6-6B14965B450A}.Debug|Any CPU.ActiveCfg = Debug|Any CPU
		{813EB874-1787-4CAD-83C6-6B14965B450A}.Debug|Any CPU.Build.0 = Debug|Any CPU
		{813EB874-1787-4CAD-83C6-6B14965B450A}.Release|Any CPU.ActiveCfg = Release|Any CPU
		{813EB874-1787-4CAD-83C6-6B14965B450A}.Release|Any CPU.Build.0 = Release|Any CPU
		{F6513CB9-A698-4C10-9623-8E5E6968A88C}.Debug|Any CPU.ActiveCfg = Debug|Any CPU
		{F6513CB9-A698-4C10-9623-8E5E6968A88C}.Debug|Any CPU.Build.0 = Debug|Any CPU
		{F6513CB9-A698-4C10-9623-8E5E6968A88C}.Release|Any CPU.ActiveCfg = Release|Any CPU
		{F6513CB9-A698-4C10-9623-8E5E6968A88C}.Release|Any CPU.Build.0 = Release|Any CPU
		{09038D5D-5E52-4DEB-92AD-AB1CD676018B}.Debug|Any CPU.ActiveCfg = Debug|Any CPU
		{09038D5D-5E52-4DEB-92AD-AB1CD676018B}.Debug|Any CPU.Build.0 = Debug|Any CPU
		{09038D5D-5E52-4DEB-92AD-AB1CD676018B}.Release|Any CPU.ActiveCfg = Release|Any CPU
		{09038D5D-5E52-4DEB-92AD-AB1CD676018B}.Release|Any CPU.Build.0 = Release|Any CPU
		{6E8DB47B-12EA-472F-8780-8D06CEDFC4FC}.Debug|Any CPU.ActiveCfg = Debug|Any CPU
		{6E8DB47B-12EA-472F-8780-8D06CEDFC4FC}.Debug|Any CPU.Build.0 = Debug|Any CPU
		{6E8DB47B-12EA-472F-8780-8D06CEDFC4FC}.Release|Any CPU.ActiveCfg = Release|Any CPU
		{6E8DB47B-12EA-472F-8780-8D06CEDFC4FC}.Release|Any CPU.Build.0 = Release|Any CPU
		{CEB3E712-D186-41B5-A158-FB3DA3ACDB80}.Debug|Any CPU.ActiveCfg = Debug|Any CPU
		{CEB3E712-D186-41B5-A158-FB3DA3ACDB80}.Debug|Any CPU.Build.0 = Debug|Any CPU
		{CEB3E712-D186-41B5-A158-FB3DA3ACDB80}.Release|Any CPU.ActiveCfg = Release|Any CPU
		{CEB3E712-D186-41B5-A158-FB3DA3ACDB80}.Release|Any CPU.Build.0 = Release|Any CPU
		{563159C0-3BF3-42BE-ADAA-69EBAB5136B4}.Debug|Any CPU.ActiveCfg = Debug|Any CPU
		{563159C0-3BF3-42BE-ADAA-69EBAB5136B4}.Debug|Any CPU.Build.0 = Debug|Any CPU
		{563159C0-3BF3-42BE-ADAA-69EBAB5136B4}.Release|Any CPU.ActiveCfg = Release|Any CPU
		{563159C0-3BF3-42BE-ADAA-69EBAB5136B4}.Release|Any CPU.Build.0 = Release|Any CPU
		{46E8A9AB-1069-4A37-9288-7CEE8538BE8D}.Debug|Any CPU.ActiveCfg = Debug|Any CPU
		{46E8A9AB-1069-4A37-9288-7CEE8538BE8D}.Debug|Any CPU.Build.0 = Debug|Any CPU
		{46E8A9AB-1069-4A37-9288-7CEE8538BE8D}.Release|Any CPU.ActiveCfg = Release|Any CPU
		{46E8A9AB-1069-4A37-9288-7CEE8538BE8D}.Release|Any CPU.Build.0 = Release|Any CPU
		{10ED87FF-7046-42F4-8EA0-2DCE0B54BA67}.Debug|Any CPU.ActiveCfg = Debug|Any CPU
		{10ED87FF-7046-42F4-8EA0-2DCE0B54BA67}.Debug|Any CPU.Build.0 = Debug|Any CPU
		{10ED87FF-7046-42F4-8EA0-2DCE0B54BA67}.Release|Any CPU.ActiveCfg = Release|Any CPU
		{10ED87FF-7046-42F4-8EA0-2DCE0B54BA67}.Release|Any CPU.Build.0 = Release|Any CPU
		{4FEFFD92-51D3-4FDB-8FEA-725CB2B3C3B9}.Debug|Any CPU.ActiveCfg = Debug|Any CPU
		{4FEFFD92-51D3-4FDB-8FEA-725CB2B3C3B9}.Debug|Any CPU.Build.0 = Debug|Any CPU
		{4FEFFD92-51D3-4FDB-8FEA-725CB2B3C3B9}.Release|Any CPU.ActiveCfg = Release|Any CPU
		{4FEFFD92-51D3-4FDB-8FEA-725CB2B3C3B9}.Release|Any CPU.Build.0 = Release|Any CPU
		{496A94D4-96A0-49EB-B4BC-79370A632A7D}.Debug|Any CPU.ActiveCfg = Debug|Any CPU
		{496A94D4-96A0-49EB-B4BC-79370A632A7D}.Debug|Any CPU.Build.0 = Debug|Any CPU
		{496A94D4-96A0-49EB-B4BC-79370A632A7D}.Release|Any CPU.ActiveCfg = Release|Any CPU
		{496A94D4-96A0-49EB-B4BC-79370A632A7D}.Release|Any CPU.Build.0 = Release|Any CPU
		{16880EC1-A2C0-4B03-B453-1090B95CF46C}.Debug|Any CPU.ActiveCfg = Debug|Any CPU
		{16880EC1-A2C0-4B03-B453-1090B95CF46C}.Debug|Any CPU.Build.0 = Debug|Any CPU
		{16880EC1-A2C0-4B03-B453-1090B95CF46C}.Release|Any CPU.ActiveCfg = Release|Any CPU
		{16880EC1-A2C0-4B03-B453-1090B95CF46C}.Release|Any CPU.Build.0 = Release|Any CPU
		{A227866C-BB80-4929-8F78-FE7DC8CD3ACF}.Debug|Any CPU.ActiveCfg = Debug|Any CPU
		{A227866C-BB80-4929-8F78-FE7DC8CD3ACF}.Debug|Any CPU.Build.0 = Debug|Any CPU
		{A227866C-BB80-4929-8F78-FE7DC8CD3ACF}.Release|Any CPU.ActiveCfg = Release|Any CPU
		{A227866C-BB80-4929-8F78-FE7DC8CD3ACF}.Release|Any CPU.Build.0 = Release|Any CPU
		{56B61717-03A6-45E0-B50B-E9FCB199A52C}.Debug|Any CPU.ActiveCfg = Debug|Any CPU
		{56B61717-03A6-45E0-B50B-E9FCB199A52C}.Debug|Any CPU.Build.0 = Debug|Any CPU
		{56B61717-03A6-45E0-B50B-E9FCB199A52C}.Release|Any CPU.ActiveCfg = Release|Any CPU
		{56B61717-03A6-45E0-B50B-E9FCB199A52C}.Release|Any CPU.Build.0 = Release|Any CPU
		{1C41321F-84C7-4312-9A95-EB13F8F135BE}.Debug|Any CPU.ActiveCfg = Debug|Any CPU
		{1C41321F-84C7-4312-9A95-EB13F8F135BE}.Debug|Any CPU.Build.0 = Debug|Any CPU
		{1C41321F-84C7-4312-9A95-EB13F8F135BE}.Release|Any CPU.ActiveCfg = Release|Any CPU
		{1C41321F-84C7-4312-9A95-EB13F8F135BE}.Release|Any CPU.Build.0 = Release|Any CPU
		{AE739C13-4F9B-4881-B2EA-B103BAAB7910}.Debug|Any CPU.ActiveCfg = Debug|Any CPU
		{AE739C13-4F9B-4881-B2EA-B103BAAB7910}.Debug|Any CPU.Build.0 = Debug|Any CPU
		{AE739C13-4F9B-4881-B2EA-B103BAAB7910}.Release|Any CPU.ActiveCfg = Release|Any CPU
		{AE739C13-4F9B-4881-B2EA-B103BAAB7910}.Release|Any CPU.Build.0 = Release|Any CPU
		{DC3660A2-EF4E-4FAA-9057-1E28FC88EC1A}.Debug|Any CPU.ActiveCfg = Debug|Any CPU
		{DC3660A2-EF4E-4FAA-9057-1E28FC88EC1A}.Debug|Any CPU.Build.0 = Debug|Any CPU
		{DC3660A2-EF4E-4FAA-9057-1E28FC88EC1A}.Release|Any CPU.ActiveCfg = Release|Any CPU
		{DC3660A2-EF4E-4FAA-9057-1E28FC88EC1A}.Release|Any CPU.Build.0 = Release|Any CPU
		{BAE601A1-9AAE-4ECD-B183-CB47388F515C}.Debug|Any CPU.ActiveCfg = Debug|Any CPU
		{BAE601A1-9AAE-4ECD-B183-CB47388F515C}.Debug|Any CPU.Build.0 = Debug|Any CPU
		{BAE601A1-9AAE-4ECD-B183-CB47388F515C}.Release|Any CPU.ActiveCfg = Release|Any CPU
		{BAE601A1-9AAE-4ECD-B183-CB47388F515C}.Release|Any CPU.Build.0 = Release|Any CPU
	EndGlobalSection
	GlobalSection(SolutionProperties) = preSolution
		HideSolutionNode = FALSE
	EndGlobalSection
	GlobalSection(ExtensibilityGlobals) = postSolution
		SolutionGuid = {F32D6138-C6E8-4C0F-8D98-739FBA35AF2B}
	EndGlobalSection
EndGlobal
